payload:
  - DOMAIN,sm2.doh.pub
  - DOMAIN,dns.cfiec.net
  - DOMAIN,dns.weixin.qq.com.cn
  - DOMAIN,link.m.163.com
  - DOMAIN,datapipeline.logitech.io
  - DOMAIN,updates.ghub.logitechg.com
  - DOMAIN-SUFFIX,abiir.top
  - DOMAIN-SUFFIX,mi-img.com
  - DOMAIN-SUFFIX,duokan.com
  - DOMAIN-SUFFIX,xuexi616.com
  - IP-CIDR,114.114.114.110/32
  - IP-CIDR,114.114.114.114/32
  - IP-CIDR,114.114.114.119/32
  - IP-CIDR,114.114.115.110/32
  - IP-CIDR,114.114.115.115/32
  - IP-CIDR,114.114.115.119/32
  - IP-CIDR,180.76.76.76/32